
Microsoft Visual Studio Solution File, Format Version 12.00
# Visual Studio 15
VisualStudioVersion = 15.0.34112.143
MinimumVisualStudioVersion = 10.0.40219.1
Project("{159641D6-6404-4A2A-AE62-294DE0FE8301}") = "LoadDataToAmazon_SSIS", "LoadDataToAmazon_SSIS\LoadDataToAmazon_SSIS.dtproj", "{3D671F52-73E6-4F77-8008-5992A2A4E90C}"
EndProject
Global
	GlobalSection(SolutionConfigurationPlatforms) = preSolution
		Development|Default = Development|Default
	EndGlobalSection
	GlobalSection(ProjectConfigurationPlatforms) = postSolution
		{3D671F52-73E6-4F77-8008-5992A2A4E90C}.Development|Default.ActiveCfg = Development
		{3D671F52-73E6-4F77-8008-5992A2A4E90C}.Development|Default.Build.0 = Development
	EndGlobalSection
	GlobalSection(SolutionProperties) = preSolution
		HideSolutionNode = FALSE
	EndGlobalSection
	GlobalSection(ExtensibilityGlobals) = postSolution
		SolutionGuid = {E0A97771-C8B7-4EA4-BABB-F04AF8AB502B}
	EndGlobalSection
EndGlobal
